# THIS IS AN AUTOGENERATED FILE. DO NOT EDIT THIS FILE DIRECTLY.
# yarn lockfile v1


flow-bin@^0.108.0:
  version "0.108.0"
  resolved "https://registry.yarnpkg.com/flow-bin/-/flow-bin-0.108.0.tgz#6a42c85fd664d23dd937d925851e8e6ab5d71393"
  integrity sha512-hPEyCP1J8rdhNDfCAA5w7bN6HUNBDcHVg/ABU5JVo0gUFMx+uRewpyEH8LlLBGjVQuIpbaPpaqpoaQhAVyaYww==

react-native-mmkv@^1.5.1:
  version "1.5.2"
  resolved "https://registry.yarnpkg.com/react-native-mmkv/-/react-native-mmkv-1.5.2.tgz#d2b84f22f13d3ed0c2395addbd6ef8f2fe986c35"
  integrity sha512-vvmtcjWVUTKoErg1RxMwPijyoySqWd2nuD6LC1PiZsBQO0sCXi8mJel1dI5Agnq3SsNYhPTcRNSHzVKz4q7gyw==
